
Microsoft Visual Studio Solution File, Format Version 12.00
# Visual Studio 15
Project("{FAE04EC0-301F-11D3-BF4B-00C04F79EFBC}") = "Ihm", "Assembly-CSharp.csproj", "{E88A7022-49DE-BAE5-7403-41728D5BC335}"
EndProject
Global
	GlobalSection(SolutionConfigurationPlatforms) = preSolution
		Debug|Any CPU = Debug|Any CPU
		Release|Any CPU = Release|Any CPU
	EndGlobalSection
	GlobalSection(ProjectConfigurationPlatforms) = postSolution
		{E88A7022-49DE-BAE5-7403-41728D5BC335}.Debug|Any CPU.ActiveCfg = Debug|Any CPU
		{E88A7022-49DE-BAE5-7403-41728D5BC335}.Debug|Any CPU.Build.0 = Debug|Any CPU
		{E88A7022-49DE-BAE5-7403-41728D5BC335}.Release|Any CPU.ActiveCfg = Release|Any CPU
		{E88A7022-49DE-BAE5-7403-41728D5BC335}.Release|Any CPU.Build.0 = Release|Any CPU
	EndGlobalSection
	GlobalSection(SolutionProperties) = preSolution
		HideSolutionNode = FALSE
	EndGlobalSection
EndGlobal
